
Microsoft Visual Studio Solution File, Format Version 12.00
# Visual Studio Version 16
VisualStudioVersion = 16.0.31729.503
MinimumVisualStudioVersion = 10.0.40219.1
Project("{FAE04EC0-301F-11D3-BF4B-00C04F79EFBC}") = "QRCodes", "QRCodes\QRCodes.csproj", "{87D3E884-6B5B-4581-9DEE-FA4CCF721F43}"
	ProjectSection(ProjectDependencies) = postProject
		{C1B051A6-251E-4914-B694-042F8002D8AE} = {C1B051A6-251E-4914-B694-042F8002D8AE}
	EndProjectSection
EndProject
Project("{FAE04EC0-301F-11D3-BF4B-00C04F79EFBC}") = "QREncodeDecode", "QREncodeDecode\QREncodeDecode.csproj", "{C1B051A6-251E-4914-B694-042F8002D8AE}"
EndProject
Global
	GlobalSection(SolutionConfigurationPlatforms) = preSolution
		Debug|Any CPU = Debug|Any CPU
		Debug|x86 = Debug|x86
		Release|Any CPU = Release|Any CPU
		Release|x86 = Release|x86
	EndGlobalSection
	GlobalSection(ProjectConfigurationPlatforms) = postSolution
		{87D3E884-6B5B-4581-9DEE-FA4CCF721F43}.Debug|Any CPU.ActiveCfg = Debug|Any CPU
		{87D3E884-6B5B-4581-9DEE-FA4CCF721F43}.Debug|Any CPU.Build.0 = Debug|Any CPU
		{87D3E884-6B5B-4581-9DEE-FA4CCF721F43}.Debug|x86.ActiveCfg = Debug|Any CPU
		{87D3E884-6B5B-4581-9DEE-FA4CCF721F43}.Debug|x86.Build.0 = Debug|Any CPU
		{87D3E884-6B5B-4581-9DEE-FA4CCF721F43}.Release|Any CPU.ActiveCfg = Release|Any CPU
		{87D3E884-6B5B-4581-9DEE-FA4CCF721F43}.Release|Any CPU.Build.0 = Release|Any CPU
		{87D3E884-6B5B-4581-9DEE-FA4CCF721F43}.Release|x86.ActiveCfg = Release|Any CPU
		{87D3E884-6B5B-4581-9DEE-FA4CCF721F43}.Release|x86.Build.0 = Release|Any CPU
		{C1B051A6-251E-4914-B694-042F8002D8AE}.Debug|Any CPU.ActiveCfg = Debug|Any CPU
		{C1B051A6-251E-4914-B694-042F8002D8AE}.Debug|Any CPU.Build.0 = Debug|Any CPU
		{C1B051A6-251E-4914-B694-042F8002D8AE}.Debug|x86.ActiveCfg = Debug|Any CPU
		{C1B051A6-251E-4914-B694-042F8002D8AE}.Debug|x86.Build.0 = Debug|Any CPU
		{C1B051A6-251E-4914-B694-042F8002D8AE}.Release|Any CPU.ActiveCfg = Release|Any CPU
		{C1B051A6-251E-4914-B694-042F8002D8AE}.Release|Any CPU.Build.0 = Release|Any CPU
		{C1B051A6-251E-4914-B694-042F8002D8AE}.Release|x86.ActiveCfg = Release|x86
		{C1B051A6-251E-4914-B694-042F8002D8AE}.Release|x86.Build.0 = Release|x86
	EndGlobalSection
	GlobalSection(SolutionProperties) = preSolution
		HideSolutionNode = FALSE
	EndGlobalSection
	GlobalSection(ExtensibilityGlobals) = postSolution
		SolutionGuid = {77EF092D-3FDA-4059-975C-3687D9366212}
	EndGlobalSection
EndGlobal
